
Microsoft Visual Studio Solution File, Format Version 12.00
# Visual Studio Version 16
VisualStudioVersion = 16.0.30621.155
MinimumVisualStudioVersion = 10.0.40219.1
Project("{8BC9CEB8-8B4A-11D0-8D11-00A0C91BC942}") = "Homework 1.2", "Homework 1.2\Homework 1.2.vcxproj", "{F916342F-8C02-4A86-BFF2-43AEEFB74E20}"
EndProject
Global
	GlobalSection(SolutionConfigurationPlatforms) = preSolution
		Debug|x64 = Debug|x64
		Debug|x86 = Debug|x86
		Release|x64 = Release|x64
		Release|x86 = Release|x86
	EndGlobalSection
	GlobalSection(ProjectConfigurationPlatforms) = postSolution
		{F916342F-8C02-4A86-BFF2-43AEEFB74E20}.Debug|x64.ActiveCfg = Debug|x64
		{F916342F-8C02-4A86-BFF2-43AEEFB74E20}.Debug|x64.Build.0 = Debug|x64
		{F916342F-8C02-4A86-BFF2-43AEEFB74E20}.Debug|x86.ActiveCfg = Debug|Win32
		{F916342F-8C02-4A86-BFF2-43AEEFB74E20}.Debug|x86.Build.0 = Debug|Win32
		{F916342F-8C02-4A86-BFF2-43AEEFB74E20}.Release|x64.ActiveCfg = Release|x64
		{F916342F-8C02-4A86-BFF2-43AEEFB74E20}.Release|x64.Build.0 = Release|x64
		{F916342F-8C02-4A86-BFF2-43AEEFB74E20}.Release|x86.ActiveCfg = Release|Win32
		{F916342F-8C02-4A86-BFF2-43AEEFB74E20}.Release|x86.Build.0 = Release|Win32
	EndGlobalSection
	GlobalSection(SolutionProperties) = preSolution
		HideSolutionNode = FALSE
	EndGlobalSection
	GlobalSection(ExtensibilityGlobals) = postSolution
		SolutionGuid = {E00457B8-1F28-4DE9-B0FB-883D01F321F2}
	EndGlobalSection
EndGlobal
